
Microsoft Visual Studio Solution File, Format Version 12.00
# Visual Studio Version 17
VisualStudioVersion = 17.13.35913.81 d17.13
MinimumVisualStudioVersion = 10.0.40219.1
Project("{FAE04EC0-301F-11D3-BF4B-00C04F79EFBC}") = "AICenterAPI", "AICenterAPI.csproj", "{A53B1BAA-6C1F-4176-97D3-A439190B3691}"
EndProject
Global
	GlobalSection(SolutionConfigurationPlatforms) = preSolution
		Debug|Any CPU = Debug|Any CPU
		Release|Any CPU = Release|Any CPU
	EndGlobalSection
	GlobalSection(ProjectConfigurationPlatforms) = postSolution
		{A53B1BAA-6C1F-4176-97D3-A439190B3691}.Debug|Any CPU.ActiveCfg = Debug|Any CPU
		{A53B1BAA-6C1F-4176-97D3-A439190B3691}.Debug|Any CPU.Build.0 = Debug|Any CPU
		{A53B1BAA-6C1F-4176-97D3-A439190B3691}.Release|Any CPU.ActiveCfg = Release|Any CPU
		{A53B1BAA-6C1F-4176-97D3-A439190B3691}.Release|Any CPU.Build.0 = Release|Any CPU
	EndGlobalSection
	GlobalSection(SolutionProperties) = preSolution
		HideSolutionNode = FALSE
	EndGlobalSection
	GlobalSection(ExtensibilityGlobals) = postSolution
		SolutionGuid = {D51A4881-7DF8-48B0-B198-1E4FE47B23D6}
	EndGlobalSection
EndGlobal
